
Microsoft Visual Studio Solution File, Format Version 12.00
# Visual Studio 2013
VisualStudioVersion = 12.0.30501.0
MinimumVisualStudioVersion = 10.0.40219.1
Project("{FAE04EC0-301F-11D3-BF4B-00C04F79EFBC}") = "ViewsProjecteFinal", "ViewsProjecteFinal\ViewsProjecteFinal.csproj", "{7872ACC8-CA5F-4D71-9CC4-10885FF48E57}"
EndProject
Global
	GlobalSection(SolutionConfigurationPlatforms) = preSolution
		Debug|Any CPU = Debug|Any CPU
		Release|Any CPU = Release|Any CPU
	EndGlobalSection
	GlobalSection(ProjectConfigurationPlatforms) = postSolution
		{7872ACC8-CA5F-4D71-9CC4-10885FF48E57}.Debug|Any CPU.ActiveCfg = Debug|Any CPU
		{7872ACC8-CA5F-4D71-9CC4-10885FF48E57}.Debug|Any CPU.Build.0 = Debug|Any CPU
		{7872ACC8-CA5F-4D71-9CC4-10885FF48E57}.Release|Any CPU.ActiveCfg = Release|Any CPU
		{7872ACC8-CA5F-4D71-9CC4-10885FF48E57}.Release|Any CPU.Build.0 = Release|Any CPU
	EndGlobalSection
	GlobalSection(SolutionProperties) = preSolution
		HideSolutionNode = FALSE
	EndGlobalSection
EndGlobal
